PODS:
  - FlutterMacOS (1.0.0)
  - x509_cert_store (1.0.0):
    - FlutterMacOS

DEPENDENCIES:
  - FlutterMacOS (from `Flutter/ephemeral`)
  - x509_cert_store (from `Flutter/ephemeral/.symlinks/plugins/x509_cert_store/macos`)

EXTERNAL SOURCES:
  FlutterMacOS:
    :path: Flutter/ephemeral
  x509_cert_store:
    :path: Flutter/ephemeral/.symlinks/plugins/x509_cert_store/macos

SPEC CHECKSUMS:
  FlutterMacOS: 8f6f14fa908a6fb3fba0cd85dbd81ec4b251fb24
  x509_cert_store: dea6b642846e625965f9f6074028c4ef5c113f18

PODFILE CHECKSUM: 236401fc2c932af29a9fcf0e97baeeb2d750d367

COCOAPODS: 1.16.2
